version = 1
revision = 1
requires-python = ">=3.13"

[[package]]
name = "pydeps"
version = "3.0.2"
source = { registry = "https://pypi.org/simple" }
dependencies = [
    { name = "stdlib-list" },
]
sdist = { url = "https://files.pythonhosted.org/packages/d1/3e/750b00bc373fe0ed1981be89f432bb58ff45ae137d486d5d1667b5f89e76/pydeps-3.0.2.tar.gz", hash = "sha256:9e73575ddd6b5614cb2463a4ee9392817cc51002a2e46184d4fb1ffef8d15832", size = 53202 }
wheels = [
    { url = "https://files.pythonhosted.org/packages/0e/c5/e3c81d05e4ab54fab5ba613c28ec91b2baee26671c5645293b1b020c13f4/pydeps-3.0.2-py3-none-any.whl", hash = "sha256:890515899ffdb017255ba035704cfc711966469ad3aa3574c5b0b13f9f676e32", size = 47765 },
]

[[package]]
name = "python"
version = "0.1.0"
source = { virtual = "." }
dependencies = [
    { name = "pydeps" },
]

[package.metadata]
requires-dist = [{ name = "pydeps", specifier = ">=3.0.2" }]

[[package]]
name = "stdlib-list"
version = "0.12.0"
source = { registry = "https://pypi.org/simple" }
sdist = { url = "https://files.pythonhosted.org/packages/8c/25/f1540879c8815387980e56f973e54605bd924612399ace31487f7444171c/stdlib_list-0.12.0.tar.gz", hash = "sha256:517824f27ee89e591d8ae7c1dd9ff34f672eae50ee886ea31bb8816d77535675", size = 60923 }
wheels = [
    { url = "https://files.pythonhosted.org/packages/3b/3d/2970b27a11ae17fb2d353e7a179763a2fe6f37d6d2a9f4d40104a2f132e9/stdlib_list-0.12.0-py3-none-any.whl", hash = "sha256:df2d11e97f53812a1756fb5510393a11e3b389ebd9239dc831c7f349957f62f2", size = 87615 },
]
